
Microsoft Visual Studio Solution File, Format Version 12.00
# Visual Studio Version 17
VisualStudioVersion = 17.7.34221.43
MinimumVisualStudioVersion = 10.0.40219.1
Project("{9A19103F-16F7-4668-BE54-9A1E7A4F7556}") = "UserManagement_Domain", "UserManagement_Domain\UserManagement_Domain.csproj", "{CA2EEE4D-CD60-412F-B103-8D3E4A692715}"
EndProject
Project("{9A19103F-16F7-4668-BE54-9A1E7A4F7556}") = "UserManagement_Applcation", "UserManagement_Applcation\UserManagement_Applcation.csproj", "{6A3B02AB-06E8-4228-A272-46303C0101FE}"
EndProject
Project("{FAE04EC0-301F-11D3-BF4B-00C04F79EFBC}") = "UserManagement_Infstructure", "UserManagement_Infstructure\UserManagement_Infstructure.csproj", "{8A309552-8CF0-4FA6-9465-67075A3226EB}"
EndProject
Global
	GlobalSection(SolutionConfigurationPlatforms) = preSolution
		Debug|Any CPU = Debug|Any CPU
		Release|Any CPU = Release|Any CPU
	EndGlobalSection
	GlobalSection(ProjectConfigurationPlatforms) = postSolution
		{CA2EEE4D-CD60-412F-B103-8D3E4A692715}.Debug|Any CPU.ActiveCfg = Debug|Any CPU
		{CA2EEE4D-CD60-412F-B103-8D3E4A692715}.Debug|Any CPU.Build.0 = Debug|Any CPU
		{CA2EEE4D-CD60-412F-B103-8D3E4A692715}.Release|Any CPU.ActiveCfg = Release|Any CPU
		{CA2EEE4D-CD60-412F-B103-8D3E4A692715}.Release|Any CPU.Build.0 = Release|Any CPU
		{6A3B02AB-06E8-4228-A272-46303C0101FE}.Debug|Any CPU.ActiveCfg = Debug|Any CPU
		{6A3B02AB-06E8-4228-A272-46303C0101FE}.Debug|Any CPU.Build.0 = Debug|Any CPU
		{6A3B02AB-06E8-4228-A272-46303C0101FE}.Release|Any CPU.ActiveCfg = Release|Any CPU
		{6A3B02AB-06E8-4228-A272-46303C0101FE}.Release|Any CPU.Build.0 = Release|Any CPU
		{8A309552-8CF0-4FA6-9465-67075A3226EB}.Debug|Any CPU.ActiveCfg = Debug|Any CPU
		{8A309552-8CF0-4FA6-9465-67075A3226EB}.Debug|Any CPU.Build.0 = Debug|Any CPU
		{8A309552-8CF0-4FA6-9465-67075A3226EB}.Release|Any CPU.ActiveCfg = Release|Any CPU
		{8A309552-8CF0-4FA6-9465-67075A3226EB}.Release|Any CPU.Build.0 = Release|Any CPU
	EndGlobalSection
	GlobalSection(SolutionProperties) = preSolution
		HideSolutionNode = FALSE
	EndGlobalSection
	GlobalSection(ExtensibilityGlobals) = postSolution
		SolutionGuid = {67382A96-155E-4893-B78D-D91EF0C091AE}
	EndGlobalSection
EndGlobal
